{
  "name": "@musedlab/toolkit",
  "version": "0.1.0",
  "lockfileVersion": 1,
  "requires": true,
  "dependencies": {
    "@musedlab/symbols": {
      "version": "file:../symbols",
      "requires": {
        "@tonaljs/core": "^3.5.4",
        "@tonaljs/midi": "^3.5.4"
      },
      "dependencies": {
        "@tonaljs/core": {
          "version": "3.5.4",
          "resolved": "https://registry.npmjs.org/@tonaljs/core/-/core-3.5.4.tgz",
          "integrity": "sha512-Rhe7TKNmkOb9/Ilu1ByCI7jIEc0hztGbfHMtI7N5sIdAXVaVzz0WaZdEuPKnAYibS8IRsT5Jm3B/oAEy5CdQAQ=="
        },
        "@tonaljs/midi": {
          "version": "3.5.4",
          "resolved": "https://registry.npmjs.org/@tonaljs/midi/-/midi-3.5.4.tgz",
          "integrity": "sha512-Xtunz9cVWTI5hJ9OjGXYWwlbJwcrof/IsmshvYmZXQGOhtVY2PPhY3JSKfAVN+CLFOraEjVJ4/YEGoFutF+yJA==",
          "requires": {
            "@tonaljs/core": "^3.5.4"
          }
        }
      }
    },
    "@tonaljs/chord-type": {
      "version": "3.6.1",
      "resolved": "https://registry.npmjs.org/@tonaljs/chord-type/-/chord-type-3.6.1.tgz",
      "integrity": "sha512-mR18zyMut+M6ZBp8tgCLOhatbAsVLcp2wmY4Km4p6/ffqDjgvOz5EGSDw1IOdlT3KJRrWcAKHIh/k01GTPiVVg==",
      "requires": {
        "@tonaljs/core": "^3.5.4",
        "@tonaljs/pcset": "^3.5.4"
      }
    },
    "@tonaljs/collection": {
      "version": "3.5.3",
      "resolved": "https://registry.npmjs.org/@tonaljs/collection/-/collection-3.5.3.tgz",
      "integrity": "sha512-RzEsHhbaZCAREWy0XuNRkHO//RgpoTw3FeWA7aeCyuVr2B36neLDnihBmo9T6KZBO/hSLcmPQy/NOEcvhsaVuA=="
    },
    "@tonaljs/core": {
      "version": "3.5.4",
      "resolved": "https://registry.npmjs.org/@tonaljs/core/-/core-3.5.4.tgz",
      "integrity": "sha512-Rhe7TKNmkOb9/Ilu1ByCI7jIEc0hztGbfHMtI7N5sIdAXVaVzz0WaZdEuPKnAYibS8IRsT5Jm3B/oAEy5CdQAQ=="
    },
    "@tonaljs/midi": {
      "version": "3.5.4",
      "resolved": "https://registry.npmjs.org/@tonaljs/midi/-/midi-3.5.4.tgz",
      "integrity": "sha512-Xtunz9cVWTI5hJ9OjGXYWwlbJwcrof/IsmshvYmZXQGOhtVY2PPhY3JSKfAVN+CLFOraEjVJ4/YEGoFutF+yJA==",
      "requires": {
        "@tonaljs/core": "^3.5.4"
      }
    },
    "@tonaljs/note": {
      "version": "3.6.0",
      "resolved": "https://registry.npmjs.org/@tonaljs/note/-/note-3.6.0.tgz",
      "integrity": "sha512-riwAjPdQBa01uhCl0h+3vc0M3VW/NS982pg3k2ntKYiC8YsSRu0tR7yDtUbOWwMjaj8loAk68Snmm44mutiIdQ==",
      "requires": {
        "@tonaljs/core": "^3.5.4",
        "@tonaljs/midi": "^3.5.4"
      }
    },
    "@tonaljs/pcset": {
      "version": "3.5.4",
      "resolved": "https://registry.npmjs.org/@tonaljs/pcset/-/pcset-3.5.4.tgz",
      "integrity": "sha512-RaB1KJoq5ZhXuDEWPlf1NWi1Cwa67yUr43usDhw/abvvIyZAkEJ1jyg4Yiks29ua7zBeQSyrEU+leuKxFBTGcQ==",
      "requires": {
        "@tonaljs/collection": "^3.5.3",
        "@tonaljs/core": "^3.5.4"
      }
    },
    "@tonaljs/scale": {
      "version": "3.6.1",
      "resolved": "https://registry.npmjs.org/@tonaljs/scale/-/scale-3.6.1.tgz",
      "integrity": "sha512-qwSblxPb75lbwgeyS+BzNw8sIp7+MUg3wlDhTc65RQyCZUpgcp9sKjyol0udXjhYkotq9QiH1X5UpAnky5KKJg==",
      "requires": {
        "@tonaljs/chord-type": "^3.6.1",
        "@tonaljs/collection": "^3.5.3",
        "@tonaljs/core": "^3.5.4",
        "@tonaljs/note": "^3.6.0",
        "@tonaljs/pcset": "^3.5.4",
        "@tonaljs/scale-type": "^3.6.0"
      }
    },
    "@tonaljs/scale-type": {
      "version": "3.6.0",
      "resolved": "https://registry.npmjs.org/@tonaljs/scale-type/-/scale-type-3.6.0.tgz",
      "integrity": "sha512-AN5C33Q1l3pgkBxLZ9gQIz98aG8dQ6iJx/FNvIqdzAR0BPtkIJk8z2lrKeDkSSKPPkykUuycroloJaRp5FuOpw==",
      "requires": {
        "@tonaljs/core": "^3.5.4",
        "@tonaljs/pcset": "^3.5.4"
      }
    },
    "clsx": {
      "version": "1.1.1",
      "resolved": "https://registry.npmjs.org/clsx/-/clsx-1.1.1.tgz",
      "integrity": "sha512-6/bPho624p3S2pMyvP5kKBPXnI3ufHLObBFCfgx+LkeR5lg2XYy2hqZqUf45ypD8COn2bhgGJSUE+l5dhNBieA=="
    }
  }
}
