{
  "name": "@musedlab/symbols",
  "version": "0.1.0",
  "lockfileVersion": 1,
  "requires": true,
  "dependencies": {
    "@tonaljs/core": {
      "version": "3.5.4",
      "resolved": "https://registry.npmjs.org/@tonaljs/core/-/core-3.5.4.tgz",
      "integrity": "sha512-Rhe7TKNmkOb9/Ilu1ByCI7jIEc0hztGbfHMtI7N5sIdAXVaVzz0WaZdEuPKnAYibS8IRsT5Jm3B/oAEy5CdQAQ=="
    },
    "@tonaljs/midi": {
      "version": "3.5.4",
      "resolved": "https://registry.npmjs.org/@tonaljs/midi/-/midi-3.5.4.tgz",
      "integrity": "sha512-Xtunz9cVWTI5hJ9OjGXYWwlbJwcrof/IsmshvYmZXQGOhtVY2PPhY3JSKfAVN+CLFOraEjVJ4/YEGoFutF+yJA==",
      "requires": {
        "@tonaljs/core": "^3.5.4"
      }
    }
  }
}
